<?xml version="1.0" encoding="utf-8"?>
<Project ToolsVersion="4.0" xmlns="http://schemas.microsoft.com/developer/msbuild/2003">
  <ItemGroup>
    <Filter Include="Source Files">
      <UniqueIdentifier>{4FC737F1-C7A5-4376-A066-2A32D752A2FF}</UniqueIdentifier>
      <Extensions>cpp;c;cc;cxx;c++;cppm;ixx;def;odl;idl;hpj;bat;asm;asmx</Extensions>
    </Filter>
    <Filter Include="Header Files">
      <UniqueIdentifier>{93995380-89BD-4b04-88EB-625FBE52EBFB}</UniqueIdentifier>
      <Extensions>h;hh;hpp;hxx;h++;hm;inl;inc;ipp;xsd</Extensions>
    </Filter>
    <Filter Include="Resource Files">
      <UniqueIdentifier>{67DA6AB6-F800-4c08-8B7A-83BB121AAD01}</UniqueIdentifier>
      <Extensions>rc;ico;cur;bmp;dlg;rc2;rct;bin;rgs;gif;jpg;jpeg;jpe;resx;tiff;tif;png;wav;mfcribbon-ms</Extensions>
    </Filter>
    <Filter Include="Header Files\Core">
      <UniqueIdentifier>{84f54cbc-d885-4534-9d7a-4cb83691eb87}</UniqueIdentifier>
    </Filter>
    <Filter Include="Header Files\Magic">
      <UniqueIdentifier>{b30da57d-7f94-4ea6-9cf1-917a48b22b9d}</UniqueIdentifier>
    </Filter>
    <Filter Include="Header Files\World">
      <UniqueIdentifier>{c88eb580-911e-465d-a26b-d4d32b336739}</UniqueIdentifier>
    </Filter>
    <Filter Include="Header Files\UI">
      <UniqueIdentifier>{135c11a5-38b6-46cf-933b-585557a70898}</UniqueIdentifier>
    </Filter>
    <Filter Include="Header Files\Item">
      <UniqueIdentifier>{504c115b-6ff9-4f09-b7cc-39a1ee149451}</UniqueIdentifier>
    </Filter>
    <Filter Include="Header Files\Creature">
      <UniqueIdentifier>{c7e95b5c-8653-426c-9afd-9fb3022e03c9}</UniqueIdentifier>
    </Filter>
    <Filter Include="Source Files\World">
      <UniqueIdentifier>{8c346959-6a25-4073-88e2-ef64f62d3194}</UniqueIdentifier>
    </Filter>
    <Filter Include="Source Files\Core">
      <UniqueIdentifier>{d6860802-1d53-4ce4-91ea-cbcefc4eca0e}</UniqueIdentifier>
    </Filter>
    <Filter Include="Source Files\Item">
      <UniqueIdentifier>{03489ffd-7113-4759-bb90-508398a232ff}</UniqueIdentifier>
    </Filter>
    <Filter Include="Source Files\Magic">
      <UniqueIdentifier>{e263be49-b4f0-4580-9bac-99ae95b58cd5}</UniqueIdentifier>
    </Filter>
    <Filter Include="Source Files\Creature">
      <UniqueIdentifier>{71317f08-7635-4044-864a-223444e9ebe0}</UniqueIdentifier>
    </Filter>
    <Filter Include="Source Files\UI">
      <UniqueIdentifier>{575ade87-6317-45c0-b843-1ccc5e1bf3fc}</UniqueIdentifier>
    </Filter>
    <Filter Include="Header Files\UI\Menus">
      <UniqueIdentifier>{7f70a101-bba9-40bd-9780-cfaf5cfcd4af}</UniqueIdentifier>
    </Filter>
    <Filter Include="Source Files\UI\Menus">
      <UniqueIdentifier>{d8bdeaa5-85dc-4f75-8636-b013922be61b}</UniqueIdentifier>
    </Filter>
  </ItemGroup>
  <ItemGroup>
    <ClCompile Include="Action.cpp">
      <Filter>Source Files</Filter>
    </ClCompile>
    <ClCompile Include="Main.cpp">
      <Filter>Source Files</Filter>
    </ClCompile>
    <ClCompile Include="Game.cpp">
      <Filter>Source Files</Filter>
    </ClCompile>
    <ClCompile Include="Beam.cpp">
      <Filter>Source Files\Magic</Filter>
    </ClCompile>
    <ClCompile Include="Bot.cpp">
      <Filter>Source Files\Creature</Filter>
    </ClCompile>
    <ClCompile Include="Cloud.cpp">
      <Filter>Source Files\World</Filter>
    </ClCompile>
    <ClCompile Include="Creature.cpp">
      <Filter>Source Files\Creature</Filter>
    </ClCompile>
    <ClCompile Include="Draw.cpp">
      <Filter>Source Files\UI</Filter>
    </ClCompile>
    <ClCompile Include="Geometry.cpp">
      <Filter>Source Files\Core</Filter>
    </ClCompile>
    <ClCompile Include="Line.cpp">
      <Filter>Source Files\Core</Filter>
    </ClCompile>
    <ClCompile Include="NameHash.cpp">
      <Filter>Source Files\Core</Filter>
    </ClCompile>
    <ClCompile Include="PerfTimer.cpp">
      <Filter>Source Files\Core</Filter>
    </ClCompile>
    <ClCompile Include="Random.cpp">
      <Filter>Source Files\Core</Filter>
    </ClCompile>
    <ClCompile Include="Gingerbread.cpp">
      <Filter>Source Files\Creature</Filter>
    </ClCompile>
    <ClCompile Include="Grammar.cpp">
      <Filter>Source Files\Creature</Filter>
    </ClCompile>
    <ClCompile Include="House.cpp">
      <Filter>Source Files\Creature</Filter>
    </ClCompile>
    <ClCompile Include="Input.cpp">
      <Filter>Source Files\UI</Filter>
    </ClCompile>
    <ClCompile Include="Item.cpp">
      <Filter>Source Files\Item</Filter>
    </ClCompile>
    <ClCompile Include="Map.cpp">
      <Filter>Source Files\World</Filter>
    </ClCompile>
    <ClCompile Include="MapGenerator.cpp">
      <Filter>Source Files\World</Filter>
    </ClCompile>
    <ClCompile Include="Menu.cpp">
      <Filter>Source Files\UI</Filter>
    </ClCompile>
    <ClCompile Include="Pathfind.cpp">
      <Filter>Source Files\Creature</Filter>
    </ClCompile>
    <ClCompile Include="Player.cpp">
      <Filter>Source Files\Creature</Filter>
    </ClCompile>
    <ClCompile Include="World.cpp">
      <Filter>Source Files\World</Filter>
    </ClCompile>
    <ClCompile Include="Terrain.cpp">
      <Filter>Source Files\World</Filter>
    </ClCompile>
    <ClCompile Include="Stairs.cpp">
      <Filter>Source Files\World</Filter>
    </ClCompile>
    <ClCompile Include="Room.cpp">
      <Filter>Source Files\World</Filter>
    </ClCompile>
    <ClCompile Include="Spell.cpp">
      <Filter>Source Files\Magic</Filter>
    </ClCompile>
    <ClCompile Include="SpellEffect.cpp">
      <Filter>Source Files\Magic</Filter>
    </ClCompile>
    <ClCompile Include="Status.cpp">
      <Filter>Source Files\Magic</Filter>
    </ClCompile>
    <ClCompile Include="Crosshair.cpp">
      <Filter>Source Files\UI</Filter>
    </ClCompile>
    <ClCompile Include="BertieBotts.cpp">
      <Filter>Source Files\Item</Filter>
    </ClCompile>
    <ClCompile Include="Inventory.cpp">
      <Filter>Source Files\Item</Filter>
    </ClCompile>
    <ClCompile Include="Potion.cpp">
      <Filter>Source Files\Item</Filter>
    </ClCompile>
    <ClCompile Include="Spawn.cpp">
      <Filter>Source Files\World</Filter>
    </ClCompile>
    <ClCompile Include="Scratch.cpp">
      <Filter>Source Files\Core</Filter>
    </ClCompile>
    <ClCompile Include="Debug.cpp">
      <Filter>Source Files\Core</Filter>
    </ClCompile>
    <ClCompile Include="BuildWorld.cpp">
      <Filter>Source Files\World</Filter>
    </ClCompile>
    <ClCompile Include="Colour.cpp">
      <Filter>Source Files\UI</Filter>
    </ClCompile>
    <ClCompile Include="Config.cpp">
      <Filter>Source Files\UI</Filter>
    </ClCompile>
    <ClCompile Include="Serialize.cpp">
      <Filter>Source Files\Core</Filter>
    </ClCompile>
    <ClCompile Include="MenuDebug.cpp">
      <Filter>Source Files\UI\Menus</Filter>
    </ClCompile>
    <ClCompile Include="MenuDocument.cpp">
      <Filter>Source Files\UI\Menus</Filter>
    </ClCompile>
    <ClCompile Include="MenuInventory.cpp">
      <Filter>Source Files\UI\Menus</Filter>
    </ClCompile>
    <ClCompile Include="MenuList.cpp">
      <Filter>Source Files\UI\Menus</Filter>
    </ClCompile>
    <ClCompile Include="MenuLoad.cpp">
      <Filter>Source Files\UI\Menus</Filter>
    </ClCompile>
    <ClCompile Include="MenuMessages.cpp">
      <Filter>Source Files\UI\Menus</Filter>
    </ClCompile>
    <ClCompile Include="MenuName.cpp">
      <Filter>Source Files\UI\Menus</Filter>
    </ClCompile>
    <ClCompile Include="MenuPause.cpp">
      <Filter>Source Files\UI\Menus</Filter>
    </ClCompile>
    <ClCompile Include="MenuSelectHouse.cpp">
      <Filter>Source Files\UI\Menus</Filter>
    </ClCompile>
    <ClCompile Include="MenuSettings.cpp">
      <Filter>Source Files\UI\Menus</Filter>
    </ClCompile>
    <ClCompile Include="MenuSpells.cpp">
      <Filter>Source Files\UI\Menus</Filter>
    </ClCompile>
    <ClCompile Include="MenuTitle.cpp">
      <Filter>Source Files\UI\Menus</Filter>
    </ClCompile>
    <ClCompile Include="MenuHelp.cpp">
      <Filter>Source Files\UI\Menus</Filter>
    </ClCompile>
    <ClCompile Include="Ability.cpp">
      <Filter>Source Files\Magic</Filter>
    </ClCompile>
    <ClCompile Include="AbilityEffect.cpp">
      <Filter>Source Files\Magic</Filter>
    </ClCompile>
    <ClCompile Include="Taunt.cpp">
      <Filter>Source Files\Creature</Filter>
    </ClCompile>
    <ClCompile Include="Squad.cpp">
      <Filter>Source Files\Creature</Filter>
    </ClCompile>
    <ClCompile Include="Damage.cpp">
      <Filter>Source Files\Magic</Filter>
    </ClCompile>
    <ClCompile Include="MenuHighScores.cpp">
      <Filter>Source Files\UI\Menus</Filter>
    </ClCompile>
    <ClCompile Include="Score.cpp">
      <Filter>Source Files</Filter>
    </ClCompile>
    <ClCompile Include="Confirm.cpp">
      <Filter>Source Files\UI</Filter>
    </ClCompile>
    <ClCompile Include="MenuPrologue.cpp">
      <Filter>Source Files\UI\Menus</Filter>
    </ClCompile>
    <ClCompile Include="Suggestion.cpp">
      <Filter>Source Files\World</Filter>
    </ClCompile>
    <ClCompile Include="Feature.cpp">
      <Filter>Source Files</Filter>
    </ClCompile>
    <ClCompile Include="FloatGeometry.cpp">
      <Filter>Source Files\Core</Filter>
    </ClCompile>
    <ClCompile Include="Loot.cpp">
      <Filter>Source Files\Item</Filter>
    </ClCompile>
    <ClCompile Include="Sweets.cpp">
      <Filter>Source Files\Item</Filter>
    </ClCompile>
    <ClCompile Include="MapGridder.cpp">
      <Filter>Source Files\World</Filter>
    </ClCompile>
    <ClCompile Include="Shop.cpp">
      <Filter>Source Files\Item</Filter>
    </ClCompile>
  </ItemGroup>
  <ItemGroup>
    <ClInclude Include="Types.h">
      <Filter>Header Files</Filter>
    </ClInclude>
    <ClInclude Include="Game.h">
      <Filter>Header Files</Filter>
    </ClInclude>
    <ClInclude Include="Beam.h">
      <Filter>Header Files\Magic</Filter>
    </ClInclude>
    <ClInclude Include="SpellEffect.h">
      <Filter>Header Files\Magic</Filter>
    </ClInclude>
    <ClInclude Include="Spell.h">
      <Filter>Header Files\Magic</Filter>
    </ClInclude>
    <ClInclude Include="Status.h">
      <Filter>Header Files\Magic</Filter>
    </ClInclude>
    <ClInclude Include="Bot.h">
      <Filter>Header Files\Creature</Filter>
    </ClInclude>
    <ClInclude Include="Creature.h">
      <Filter>Header Files\Creature</Filter>
    </ClInclude>
    <ClInclude Include="Pathfind.h">
      <Filter>Header Files\Creature</Filter>
    </ClInclude>
    <ClInclude Include="Player.h">
      <Filter>Header Files\Creature</Filter>
    </ClInclude>
    <ClInclude Include="Cloud.h">
      <Filter>Header Files\World</Filter>
    </ClInclude>
    <ClInclude Include="Debug.h">
      <Filter>Header Files\Core</Filter>
    </ClInclude>
    <ClInclude Include="Draw.h">
      <Filter>Header Files\UI</Filter>
    </ClInclude>
    <ClInclude Include="Geometry.h">
      <Filter>Header Files\Core</Filter>
    </ClInclude>
    <ClInclude Include="Grammar.h">
      <Filter>Header Files\Creature</Filter>
    </ClInclude>
    <ClInclude Include="House.h">
      <Filter>Header Files\Creature</Filter>
    </ClInclude>
    <ClInclude Include="Item.h">
      <Filter>Header Files\Item</Filter>
    </ClInclude>
    <ClInclude Include="Line.h">
      <Filter>Header Files\Core</Filter>
    </ClInclude>
    <ClInclude Include="Map.h">
      <Filter>Header Files\World</Filter>
    </ClInclude>
    <ClInclude Include="MapGenerator.h">
      <Filter>Header Files\World</Filter>
    </ClInclude>
    <ClInclude Include="MapUtil.h">
      <Filter>Header Files\Core</Filter>
    </ClInclude>
    <ClInclude Include="Math.h">
      <Filter>Header Files\Core</Filter>
    </ClInclude>
    <ClInclude Include="NameHash.h">
      <Filter>Header Files\Core</Filter>
    </ClInclude>
    <ClInclude Include="PerfTimer.h">
      <Filter>Header Files\Core</Filter>
    </ClInclude>
    <ClInclude Include="Random.h">
      <Filter>Header Files\Core</Filter>
    </ClInclude>
    <ClInclude Include="Room.h">
      <Filter>Header Files\World</Filter>
    </ClInclude>
    <ClInclude Include="Stairs.h">
      <Filter>Header Files\World</Filter>
    </ClInclude>
    <ClInclude Include="Terrain.h">
      <Filter>Header Files\World</Filter>
    </ClInclude>
    <ClInclude Include="World.h">
      <Filter>Header Files\World</Filter>
    </ClInclude>
    <ClInclude Include="VectorUtil.h">
      <Filter>Header Files\Core</Filter>
    </ClInclude>
    <ClInclude Include="Crosshair.h">
      <Filter>Header Files\UI</Filter>
    </ClInclude>
    <ClInclude Include="MiscastCategory.h">
      <Filter>Header Files\Magic</Filter>
    </ClInclude>
    <ClInclude Include="Input.h">
      <Filter>Header Files\UI</Filter>
    </ClInclude>
    <ClInclude Include="Menu.h">
      <Filter>Header Files\UI</Filter>
    </ClInclude>
    <ClInclude Include="Action.h">
      <Filter>Header Files</Filter>
    </ClInclude>
    <ClInclude Include="BertieBotts.h">
      <Filter>Header Files\Item</Filter>
    </ClInclude>
    <ClInclude Include="Inventory.h">
      <Filter>Header Files\Item</Filter>
    </ClInclude>
    <ClInclude Include="Gingerbread.h">
      <Filter>Header Files\Creature</Filter>
    </ClInclude>
    <ClInclude Include="Potion.h">
      <Filter>Header Files\Item</Filter>
    </ClInclude>
    <ClInclude Include="Grid.h">
      <Filter>Header Files\Core</Filter>
    </ClInclude>
    <ClInclude Include="Spawn.h">
      <Filter>Header Files\World</Filter>
    </ClInclude>
    <ClInclude Include="Codepoint.h">
      <Filter>Header Files\UI</Filter>
    </ClInclude>
    <ClInclude Include="BitFlag.h">
      <Filter>Header Files\Core</Filter>
    </ClInclude>
    <ClInclude Include="Scratch.h">
      <Filter>Header Files\Core</Filter>
    </ClInclude>
    <ClInclude Include="BuildWorld.h">
      <Filter>Header Files\World</Filter>
    </ClInclude>
    <ClInclude Include="Colour.h">
      <Filter>Header Files\UI</Filter>
    </ClInclude>
    <ClInclude Include="Visibility.h">
      <Filter>Header Files\World</Filter>
    </ClInclude>
    <ClInclude Include="Config.h">
      <Filter>Header Files\UI</Filter>
    </ClInclude>
    <ClInclude Include="Serialize.h">
      <Filter>Header Files\Core</Filter>
    </ClInclude>
    <ClInclude Include="SerializeSaveLoad.h">
      <Filter>Header Files\Core</Filter>
    </ClInclude>
    <ClInclude Include="MenuDebug.h">
      <Filter>Header Files\UI\Menus</Filter>
    </ClInclude>
    <ClInclude Include="MenuDocument.h">
      <Filter>Header Files\UI\Menus</Filter>
    </ClInclude>
    <ClInclude Include="MenuInventory.h">
      <Filter>Header Files\UI\Menus</Filter>
    </ClInclude>
    <ClInclude Include="MenuList.h">
      <Filter>Header Files\UI\Menus</Filter>
    </ClInclude>
    <ClInclude Include="MenuLoad.h">
      <Filter>Header Files\UI\Menus</Filter>
    </ClInclude>
    <ClInclude Include="MenuMessages.h">
      <Filter>Header Files\UI\Menus</Filter>
    </ClInclude>
    <ClInclude Include="MenuName.h">
      <Filter>Header Files\UI\Menus</Filter>
    </ClInclude>
    <ClInclude Include="MenuPause.h">
      <Filter>Header Files\UI\Menus</Filter>
    </ClInclude>
    <ClInclude Include="MenuSelectHouse.h">
      <Filter>Header Files\UI\Menus</Filter>
    </ClInclude>
    <ClInclude Include="MenuSettings.h">
      <Filter>Header Files\UI\Menus</Filter>
    </ClInclude>
    <ClInclude Include="MenuSpells.h">
      <Filter>Header Files\UI\Menus</Filter>
    </ClInclude>
    <ClInclude Include="MenuTitle.h">
      <Filter>Header Files\UI\Menus</Filter>
    </ClInclude>
    <ClInclude Include="MenuHelp.h">
      <Filter>Header Files\UI\Menus</Filter>
    </ClInclude>
    <ClInclude Include="Ability.h">
      <Filter>Header Files\Magic</Filter>
    </ClInclude>
    <ClInclude Include="AbilityEffect.h">
      <Filter>Header Files\Magic</Filter>
    </ClInclude>
    <ClInclude Include="Damage.h">
      <Filter>Header Files\Magic</Filter>
    </ClInclude>
    <ClInclude Include="Taunt.h">
      <Filter>Header Files\Creature</Filter>
    </ClInclude>
    <ClInclude Include="Squad.h">
      <Filter>Header Files\Creature</Filter>
    </ClInclude>
    <ClInclude Include="MenuHighScores.h">
      <Filter>Header Files\UI\Menus</Filter>
    </ClInclude>
    <ClInclude Include="Score.h">
      <Filter>Header Files</Filter>
    </ClInclude>
    <ClInclude Include="Confirm.h">
      <Filter>Header Files\UI</Filter>
    </ClInclude>
    <ClInclude Include="MenuPrologue.h">
      <Filter>Header Files\UI\Menus</Filter>
    </ClInclude>
    <ClInclude Include="Suggestion.h">
      <Filter>Header Files\World</Filter>
    </ClInclude>
    <ClInclude Include="Feature.h">
      <Filter>Header Files</Filter>
    </ClInclude>
    <ClInclude Include="Target.h">
      <Filter>Header Files\Magic</Filter>
    </ClInclude>
    <ClInclude Include="FloatGeometry.h">
      <Filter>Header Files\Core</Filter>
    </ClInclude>
    <ClInclude Include="Sweets.h">
      <Filter>Header Files\Item</Filter>
    </ClInclude>
    <ClInclude Include="MapGridder.h">
      <Filter>Header Files\World</Filter>
    </ClInclude>
    <ClInclude Include="Loot.h">
      <Filter>Header Files\Item</Filter>
    </ClInclude>
    <ClInclude Include="SparseVector.h">
      <Filter>Header Files</Filter>
    </ClInclude>
    <ClInclude Include="Shop.h">
      <Filter>Header Files\Item</Filter>
    </ClInclude>
  </ItemGroup>
  <ItemGroup>
    <Text Include="Docs\CodingStandard.txt">
      <Filter>Resource Files</Filter>
    </Text>
    <Text Include="Docs\Game Design Goals.txt">
      <Filter>Resource Files</Filter>
    </Text>
    <Text Include="Docs\Creature Identity and Spawning.txt">
      <Filter>Resource Files</Filter>
    </Text>
    <Text Include="Docs\FontGlyphs.txt">
      <Filter>Resource Files</Filter>
    </Text>
    <Text Include="Docs\Students.txt">
      <Filter>Resource Files</Filter>
    </Text>
    <Text Include="Docs\Project Setup.txt">
      <Filter>Resource Files</Filter>
    </Text>
    <Text Include="Docs\To Do List.txt">
      <Filter>Resource Files</Filter>
    </Text>
  </ItemGroup>
  <ItemGroup>
    <Font Include="FixedsysExcelsior302.ttf">
      <Filter>Resource Files</Filter>
    </Font>
  </ItemGroup>
</Project>